
Microsoft Visual Studio Solution File, Format Version 12.00
# Visual Studio Version 16
VisualStudioVersion = 16.0.29424.173
MinimumVisualStudioVersion = 10.0.40219.1
Project("{FAE04EC0-301F-11D3-BF4B-00C04F79EFBC}") = "ConsumindoSOAP", "ConsumindoSOAP\ConsumindoSOAP.csproj", "{F1AD5F6E-AB43-42CA-BCAF-E9CF6B8EECF2}"
EndProject
Global
	GlobalSection(SolutionConfigurationPlatforms) = preSolution
		Debug|Any CPU = Debug|Any CPU
		Release|Any CPU = Release|Any CPU
	EndGlobalSection
	GlobalSection(ProjectConfigurationPlatforms) = postSolution
		{F1AD5F6E-AB43-42CA-BCAF-E9CF6B8EECF2}.Debug|Any CPU.ActiveCfg = Debug|Any CPU
		{F1AD5F6E-AB43-42CA-BCAF-E9CF6B8EECF2}.Debug|Any CPU.Build.0 = Debug|Any CPU
		{F1AD5F6E-AB43-42CA-BCAF-E9CF6B8EECF2}.Release|Any CPU.ActiveCfg = Release|Any CPU
		{F1AD5F6E-AB43-42CA-BCAF-E9CF6B8EECF2}.Release|Any CPU.Build.0 = Release|Any CPU
	EndGlobalSection
	GlobalSection(SolutionProperties) = preSolution
		HideSolutionNode = FALSE
	EndGlobalSection
	GlobalSection(ExtensibilityGlobals) = postSolution
		SolutionGuid = {6922D167-0D08-43C0-B83F-1846C2794835}
	EndGlobalSection
EndGlobal
